
Microsoft Visual Studio Solution File, Format Version 12.00
# Visual Studio Version 16
VisualStudioVersion = 16.0.30717.126
MinimumVisualStudioVersion = 10.0.40219.1
Project("{9A19103F-16F7-4668-BE54-9A1E7A4F7556}") = "Blog", "Blog.csproj", "{C3E27416-7048-4AFD-85D5-EB6FE892861C}"
EndProject
Project("{9A19103F-16F7-4668-BE54-9A1E7A4F7556}") = "Blog.Test", "..\Blog.Test\Blog.Test.csproj", "{AE6BE95B-DE5B-4ED9-A2A4-67BD12F72055}"
EndProject
Global
	GlobalSection(SolutionConfigurationPlatforms) = preSolution
		Debug|Any CPU = Debug|Any CPU
		Release|Any CPU = Release|Any CPU
	EndGlobalSection
	GlobalSection(ProjectConfigurationPlatforms) = postSolution
		{C3E27416-7048-4AFD-85D5-EB6FE892861C}.Debug|Any CPU.ActiveCfg = Debug|Any CPU
		{C3E27416-7048-4AFD-85D5-EB6FE892861C}.Debug|Any CPU.Build.0 = Debug|Any CPU
		{C3E27416-7048-4AFD-85D5-EB6FE892861C}.Release|Any CPU.ActiveCfg = Release|Any CPU
		{C3E27416-7048-4AFD-85D5-EB6FE892861C}.Release|Any CPU.Build.0 = Release|Any CPU
		{AE6BE95B-DE5B-4ED9-A2A4-67BD12F72055}.Debug|Any CPU.ActiveCfg = Debug|Any CPU
		{AE6BE95B-DE5B-4ED9-A2A4-67BD12F72055}.Debug|Any CPU.Build.0 = Debug|Any CPU
		{AE6BE95B-DE5B-4ED9-A2A4-67BD12F72055}.Release|Any CPU.ActiveCfg = Release|Any CPU
		{AE6BE95B-DE5B-4ED9-A2A4-67BD12F72055}.Release|Any CPU.Build.0 = Release|Any CPU
	EndGlobalSection
	GlobalSection(SolutionProperties) = preSolution
		HideSolutionNode = FALSE
	EndGlobalSection
	GlobalSection(ExtensibilityGlobals) = postSolution
		SolutionGuid = {D96B0BB1-AA22-43F4-ACA7-E7360AEE9ED2}
	EndGlobalSection
EndGlobal
